version = 1
revision = 3
requires-python = "==3.12.*"

[[package]]
name = "asrbench"
version = "0.0.0"
source = { editable = "." }
dependencies = [
    { name = "jiwer" },
    { name = "numpy" },
    { name = "psutil" },
    { name = "pyarrow" },
    { name = "sherpa-onnx" },
    { name = "soundfile" },
]

[package.dev-dependencies]
dev = [
    { name = "pytest" },
]

[package.metadata]
requires-dist = [
    { name = "jiwer", specifier = ">=3.0" },
    { name = "numpy", specifier = ">=1.26" },
    { name = "psutil", specifier = ">=5.9" },
    { name = "pyarrow", specifier = ">=15" },
    { name = "sherpa-onnx", specifier = "==1.13.8" },
    { name = "soundfile", specifier = ">=0.12" },
]

[package.metadata.requires-dev]
dev = [{ name = "pytest", specifier = ">=8" }]

[[package]]
name = "cffi"
version = "2.1.1"
source = { registry = "https://pypi.org/simple" }
dependencies = [
    { name = "pycparser", marker = "implementation_name != 'PyPy'" },
]
sdist = { url = "https://files.pythonhosted.org/packages/9e/ef/008a1939e372c06329a3fce4279c02f328488f3526744906eeec3da7ad5f/cffi-2.1.1.tar.gz", hash = "sha256:dd31f52ea1086513bb9df30f8fcee9b8918323ae067a3d5b78bc826a000712be", size = 530807, upload-time = "2026-08-03T21:21:18.939Z" }
wheels = [
    { url = "https://files.pythonhosted.org/packages/10/69/43965eccfdead3b9220015fd1320e117be8c6ed01a62ffab76eeb752f5d5/cffi-2.1.1-cp312-cp312-macosx_10_15_x86_64.whl", hash = "sha256:c8c69575568085ba0b1b10c0249d779a214aea6f6522e949a0fc9fb0fcb449d0", size = 184821, upload-time = "2026-08-03T21:19:44.887Z" },
    { url = "https://files.pythonhosted.org/packages/54/7d/16e5a096677b5e313ca80cd5e5170efa3ea44624a82bb111925522da64b1/cffi-2.1.1-cp312-cp312-macosx_11_0_arm64.whl", hash = "sha256:f81b3b8f3d4e343550fa4baa0e479bba9f2d29ce9c2e9b51d1ce1718d7442fcf", size = 184719, upload-time = "2026-08-03T21:19:46.129Z" },
    { url = "https://files.pythonhosted.org/packages/56/e6/8941622732edec876dd17d0453dce07317ae96db34f2ec1436c9d3785986/cffi-2.1.1-cp312-cp312-manylinux1_i686.manylinux2014_i686.manylinux_2_17_i686.manylinux_2_5_i686.whl", hash = "sha256:811bd1e21d32de12efca32393a0ab3f5133b54fce9bd44b8bd77ab07da14bf6a", size = 214799, upload-time = "2026-08-03T21:19:47.218Z" },
    { url = "https://files.pythonhosted.org/packages/44/de/f98430906df1545ffde0d543dd124a7a439bc2cd32b36b9c53f805df7333/cffi-2.1.1-cp312-cp312-manylinux2014_aarch64.manylinux_2_17_aarch64.whl", hash = "sha256:68e62fe11f30d5ca8289242866f0a5291402d8529ca2178ab8afc5c9694ae890", size = 222389, upload-time = "2026-08-03T21:19:48.331Z" },
    { url = "https://files.pythonhosted.org/packages/6a/5b/717f1526b9957b34456313c31645c5b82b8fb5c3fe9e4752999be7128bfc/cffi-2.1.1-cp312-cp312-manylinux2014_ppc64le.manylinux_2_17_ppc64le.whl", hash = "sha256:4a7c934f7360e8cd64fe9efadcbd10c7c6364f531e432b9a4bf5ccbc9e0e8b50", size = 210249, upload-time = "2026-08-03T21:19:49.543Z" },
    { url = "https://files.pythonhosted.org/packages/64/b3/f8aa4f3e34986c7e4ec45072d1b1b9dd295b6b18007b45518d79726dd725/cffi-2.1.1-cp312-cp312-manylinux2014_s390x.manylinux_2_17_s390x.whl", hash = "sha256:3143d81e29e1e20a9ce10901ec369012947876596f75a222235965f2b7ae832e", size = 208775, upload-time = "2026-08-03T21:19:50.918Z" },
    { url = "https://files.pythonhosted.org/packages/b1/db/dceb9dd5b231e1da801793f8acc9f3c52a7e1afe40bb1aae37e02b0faad5/cffi-2.1.1-cp312-cp312-manylinux2014_x86_64.manylinux_2_17_x86_64.whl", hash = "sha256:c1453022f490d2459a11819d83ad1d586e9ff65a12ac3e705ffebd46d3685dcf", size = 221822, upload-time = "2026-08-03T21:19:52.054Z" },
    { url = "https://files.pythonhosted.org/packages/a0/d2/6cd24ae3be000a634109c247d1475d62e5616d0dc78c82770942ec384248/cffi-2.1.1-cp312-cp312-musllinux_1_2_aarch64.whl", hash = "sha256:208f941bb9d18e768138677f0a6d2ce01f590df56043dda1df1535ac57c88517", size = 225232, upload-time = "2026-08-03T21:19:53.109Z" },
    { url = "https://files.pythonhosted.org/packages/cb/52/3fa190537004dd7f0ab860a6dc7c0175b8667f68d1e618a46f5498d30250/cffi-2.1.1-cp312-cp312-musllinux_1_2_x86_64.whl", hash = "sha256:210019b6c7cf07f081b4c54635c8cf744377001350e29cc0f81c4377b4797735", size = 223597, upload-time = "2026-08-03T21:19:54.515Z" },
    { url = "https://files.pythonhosted.org/packages/80/fb/0bb75b7039588c074b37ae99f40d9bfddf990ecb2fbc346ebccd2e56b9be/cffi-2.1.1-cp312-cp312-win32.whl", hash = "sha256:046bfc24911b37851ee1b51aab8bffe713d89c68c6a057b09484ce9fd5f69b4e", size = 175292, upload-time = "2026-08-03T21:19:55.566Z" },
    { url = "https://files.pythonhosted.org/packages/d9/79/615cc094e2fb508cade7de88d3b4f6c4ec2bab695c97bce9153dc65aadf5/cffi-2.1.1-cp312-cp312-win_amd64.whl", hash = "sha256:f53e442b08449d42821fa4a4fba000095af9f62742a500f978a9f557ec44339a", size = 185919, upload-time = "2026-08-03T21:19:56.89Z" },
    { url = "https://files.pythonhosted.org/packages/70/c6/d0ea84713fe46b243a436a18fcd47d639732747e21635c8a27191b06dc30/cffi-2.1.1-cp312-cp312-win_arm64.whl", hash = "sha256:7bde5e4cc5c10140859842b9d383af292b22639a4dffb725314baf45968cef80", size = 180093, upload-time = "2026-08-03T21:19:58.155Z" },
]

[[package]]
name = "click"
version = "8.5.0"
source = { registry = "https://pypi.org/simple" }
sdist = { url = "https://files.pythonhosted.org/packages/c7/0e/7fa0ef50764b67090eca4114772a2abf8b6148198475e54c660b97caeee6/click-8.5.0.tar.gz", hash = "sha256:ba0d2089de75ea0310e2dde03160e6ca10009947fb95a182f9b54021bb272e34", size = 382235, upload-time = "2026-08-26T13:33:14.56Z" }
wheels = [
    { url = "https://files.pythonhosted.org/packages/58/50/6c0d534c5f134586a8e1ba4e330569e32f057e33372ae556463212fb4cd3/click-8.5.0-py3-none-any.whl", hash = "sha256:255bc9599cf7748b4b1a446ccc735421bd08a2ae529a8b88597d3de5664ee360", size = 125251, upload-time = "2026-08-26T13:33:12.928Z" },
]

[[package]]
name = "colorama"
version = "0.4.6"
source = { registry = "https://pypi.org/simple" }
sdist = { url = "https://files.pythonhosted.org/packages/d8/53/6f443c9a4a8358a93a6792e2acffb9d9d5cb0a5cfd8802644b7b1c9a02e4/colorama-0.4.6.tar.gz", hash = "sha256:08695f5cb7ed6e0531a20572697297273c47b8cae5a63ffc6d6ed5c201be6e44", size = 27697, upload-time = "2022-10-25T02:36:22.414Z" }
wheels = [
    { url = "https://files.pythonhosted.org/packages/d1/d6/3965ed04c63042e047cb6a3e6ed1a63a35087b6a609aa3a15ed8ac56c221/colorama-0.4.6-py2.py3-none-any.whl", hash = "sha256:4f1d9991f5acc0ca119f9d443620b77f9d6b33703e51011c16baf57afb285fc6", size = 25335, upload-time = "2022-10-25T02:36:20.889Z" },
]

[[package]]
name = "iniconfig"
version = "2.3.0"
source = { registry = "https://pypi.org/simple" }
sdist = { url = "https://files.pythonhosted.org/packages/72/34/14ca021ce8e5dfedc35312d08ba8bf51fdd999c576889fc2c24cb97f4f10/iniconfig-2.3.0.tar.gz", hash = "sha256:c76315c77db068650d49c5b56314774a7804df16fee4402c1f19d6d15d8c4730", size = 20503, upload-time = "2025-10-18T21:55:43.219Z" }
wheels = [
    { url = "https://files.pythonhosted.org/packages/cb/b1/3846dd7f199d53cb17f49cba7e651e9ce294d8497c8c150530ed11865bb8/iniconfig-2.3.0-py3-none-any.whl", hash = "sha256:f631c04d2c48c52b84d0d0549c99ff3859c98df65b3101406327ecc7d53fbf12", size = 7484, upload-time = "2025-10-18T21:55:41.639Z" },
]

[[package]]
name = "jiwer"
version = "4.0.0"
source = { registry = "https://pypi.org/simple" }
dependencies = [
    { name = "click" },
    { name = "rapidfuzz" },
]
sdist = { url = "https://files.pythonhosted.org/packages/12/1e/963dfc249d5bbe88079b57a22556e981ddd9208e4b6116e48bdbfc01f26b/jiwer-4.0.0.tar.gz", hash = "sha256:ae9c051469102a61ef0927100baeeb4546f78d180c9b0948281d08eaf44c191e", size = 28074, upload-time = "2025-06-19T16:05:23.004Z" }
wheels = [
    { url = "https://files.pythonhosted.org/packages/69/c9/172c525330c739a068c01050759a6f855ce16212db10a0359e690a03ac48/jiwer-4.0.0-py3-none-any.whl", hash = "sha256:7efaf0bd336b095d99ddef9dd67e1ee829d75d58aa2a81d9639870b01d6d95ea", size = 23034, upload-time = "2025-06-19T16:05:21.821Z" },
]

[[package]]
name = "numpy"
version = "2.5.3"
source = { registry = "https://pypi.org/simple" }
sdist = { url = "https://files.pythonhosted.org/packages/13/01/11703282db468b85f6f7b8c7f22d058de5970d5c7e60a3a8aaa313c3de36/numpy-2.5.3.tar.gz", hash = "sha256:df2d5874ff183595a4ba404edd04f6bd9b5505c1d7708573f6a6c17489a67563", size = 20791231, upload-time = "2026-09-06T16:27:47.073Z" }
wheels = [
    { url = "https://files.pythonhosted.org/packages/d6/50/8fdbb16af64895706a45f06a4068e29db732ec180f3c1375f14123359138/numpy-2.5.3-cp312-cp312-macosx_10_13_x86_64.whl", hash = "sha256:cb189f09db39283b26bfd061ec16189e14f71c6755207f72a0f7540867afe5b9", size = 16994982, upload-time = "2026-09-06T16:24:29.244Z" },
    { url = "https://files.pythonhosted.org/packages/60/39/789131c1188c078dcb3a1692e72e1e050c68b88ffe72c9ccaac9bcd7a9cd/numpy-2.5.3-cp312-cp312-macosx_11_0_arm64.whl", hash = "sha256:f59a878c33d6b88122d80d239bb3b845d58708750b0cb06a09aebb9b18ec696c", size = 12009327, upload-time = "2026-09-06T16:24:32.491Z" },
    { url = "https://files.pythonhosted.org/packages/9c/59/a312e95696e5f601914dd8b6dd844692ba61670807417e24b68e337b5c70/numpy-2.5.3-cp312-cp312-macosx_14_0_arm64.whl", hash = "sha256:a72f874bc9e10e4b8f80426fb49716d5141f64442a0c8418065093ec8017fbb0", size = 5445405, upload-time = "2026-09-06T16:24:35.071Z" },
    { url = "https://files.pythonhosted.org/packages/30/d0/5623a1707ed4fe16e3909fe3cf5ee3da004ae677ad23d83bbf3adf1a6faf/numpy-2.5.3-cp312-cp312-macosx_14_0_x86_64.whl", hash = "sha256:fc36dc566135b5eceec4cf89758fcb719266a019ef07dae1754ae7c9f617ef3e", size = 6783213, upload-time = "2026-09-06T16:24:37.253Z" },
    { url = "https://files.pythonhosted.org/packages/f1/32/84146fc020ad3c25f805f70ab60da46fe3c540a21369754a7e4369754b6f/numpy-2.5.3-cp312-cp312-manylinux_2_27_aarch64.manylinux_2_28_aarch64.whl", hash = "sha256:76c2c1e6bfa5c84adc6434dfbf013aa92096a7985221762c8f11fedfd20fff58", size = 15687872, upload-time = "2026-09-06T16:24:39.751Z" },
    { url = "https://files.pythonhosted.org/packages/65/af/aa78d1a88805456e212b65461354cd943197fb9acecc4c90fd12295123a3/numpy-2.5.3-cp312-cp312-manylinux_2_27_x86_64.manylinux_2_28_x86_64.whl", hash = "sha256:b7e18c623bb5c95acb3b3328861272816ba199fb531921c5d6d0b675f1fde9e3", size = 16717410, upload-time = "2026-09-06T16:24:42.745Z" },
    { url = "https://files.pythonhosted.org/packages/3b/24/faa79d865e69a97ba17473b23a1b74094b2259c03e820c70297293b9ea49/numpy-2.5.3-cp312-cp312-musllinux_1_2_aarch64.whl", hash = "sha256:4f8929ee6c96bfbd7b4ed2032e0c03af86fe1826740ab61ddabf9072d06e57ff", size = 17040975, upload-time = "2026-09-06T16:24:45.961Z" },
    { url = "https://files.pythonhosted.org/packages/62/4a/8877e629445a7176297dffcaf9c485faa96a95d81728a62521ad55bd4c0f/numpy-2.5.3-cp312-cp312-musllinux_1_2_x86_64.whl", hash = "sha256:b5d93cf48f687479941d12b69c873ad2cc76bbd487f0091c2200636497f34034", size = 18476479, upload-time = "2026-09-06T16:24:49.35Z" },
    { url = "https://files.pythonhosted.org/packages/c8/db/35e1c2d38b04cbd5b731f9d71495e055e813197669d22b612f11748d2ff9/numpy-2.5.3-cp312-cp312-win32.whl", hash = "sha256:bf63afbe037eb5d2fe87fbcc7778e61da53ebaf21d938a4515aa73b62532a5d4", size = 6133378, upload-time = "2026-09-06T16:24:51.915Z" },
    { url = "https://files.pythonhosted.org/packages/3c/a1/accf6d4f0c80c5d9ba9735d6b1550e444180599f34dec69ca01360f717ad/numpy-2.5.3-cp312-cp312-win_amd64.whl", hash = "sha256:0a59a421a32580a009e8a1751345bf829631b990dc1794b80514ab722b435def", size = 12567828, upload-time = "2026-09-06T16:24:54.255Z" },
    { url = "https://files.pythonhosted.org/packages/22/43/1764aff32e4652526ae2f71fa8b3efd8d25c8a3d6926914454e47138ed1e/numpy-2.5.3-cp312-cp312-win_arm64.whl", hash = "sha256:ccb32e0525d29e8b0572eb84c9a57af0e7a4e615726927506f55063c62414034", size = 10485432, upload-time = "2026-09-06T16:24:57.278Z" },
]

[[package]]
name = "packaging"
version = "26.3"
source = { registry = "https://pypi.org/simple" }
sdist = { url = "https://files.pythonhosted.org/packages/7d/fa/3944b40b07da9ce895c0e6303a5ab7d53da063554f534556b134a54d6093/packaging-26.3.tar.gz", hash = "sha256:94edc256424af38762eb31306eed28beb9f0efc50a8837492c9d6fd6004aed79", size = 313412, upload-time = "2026-08-04T18:15:28.737Z" }
wheels = [
    { url = "https://files.pythonhosted.org/packages/63/34/ba1c580383c9eada3711951fef0795c80b829a078d72188184bcab9dd527/packaging-26.3-py3-none-any.whl", hash = "sha256:d7193f7c8e4e93f444fde0262bf90af30e16fa0ad0ad44cb553c87339b23cd1c", size = 129956, upload-time = "2026-08-04T18:15:27.159Z" },
]

[[package]]
name = "pluggy"
version = "1.6.0"
source = { registry = "https://pypi.org/simple" }
sdist = { url = "https://files.pythonhosted.org/packages/f9/e2/3e91f31a7d2b083fe6ef3fa267035b518369d9511ffab804f839851d2779/pluggy-1.6.0.tar.gz", hash = "sha256:7dcc130b76258d33b90f61b658791dede3486c3e6bfb003ee5c9bfb396dd22f3", size = 69412, upload-time = "2025-05-15T12:30:07.975Z" }
wheels = [
    { url = "https://files.pythonhosted.org/packages/54/20/4d324d65cc6d9205fabedc306948156824eb9f0ee1633355a8f7ec5c66bf/pluggy-1.6.0-py3-none-any.whl", hash = "sha256:e920276dd6813095e9377c0bc5566d94c932c33b27a3e3945d8389c374dd4746", size = 20538, upload-time = "2025-05-15T12:30:06.134Z" },
]

[[package]]
name = "psutil"
version = "7.2.2"
source = { registry = "https://pypi.org/simple" }
sdist = { url = "https://files.pythonhosted.org/packages/aa/c6/d1ddf4abb55e93cebc4f2ed8b5d6dbad109ecb8d63748dd2b20ab5e57ebe/psutil-7.2.2.tar.gz", hash = "sha256:0746f5f8d406af344fd547f1c8daa5f5c33dbc293bb8d6a16d80b4bb88f59372", size = 493740, upload-time = "2026-01-28T18:14:54.428Z" }
wheels = [
    { url = "https://files.pythonhosted.org/packages/e7/36/5ee6e05c9bd427237b11b3937ad82bb8ad2752d72c6969314590dd0c2f6e/psutil-7.2.2-cp36-abi3-macosx_10_9_x86_64.whl", hash = "sha256:ed0cace939114f62738d808fdcecd4c869222507e266e574799e9c0faa17d486", size = 129090, upload-time = "2026-01-28T18:15:22.168Z" },
    { url = "https://files.pythonhosted.org/packages/80/c4/f5af4c1ca8c1eeb2e92ccca14ce8effdeec651d5ab6053c589b074eda6e1/psutil-7.2.2-cp36-abi3-macosx_11_0_arm64.whl", hash = "sha256:1a7b04c10f32cc88ab39cbf606e117fd74721c831c98a27dc04578deb0c16979", size = 129859, upload-time = "2026-01-28T18:15:23.795Z" },
    { url = "https://files.pythonhosted.org/packages/b5/70/5d8df3b09e25bce090399cf48e452d25c935ab72dad19406c77f4e828045/psutil-7.2.2-cp36-abi3-manylinux2010_x86_64.manylinux_2_12_x86_64.manylinux_2_28_x86_64.whl", hash = "sha256:076a2d2f923fd4821644f5ba89f059523da90dc9014e85f8e45a5774ca5bc6f9", size = 155560, upload-time = "2026-01-28T18:15:25.976Z" },
    { url = "https://files.pythonhosted.org/packages/63/65/37648c0c158dc222aba51c089eb3bdfa238e621674dc42d48706e639204f/psutil-7.2.2-cp36-abi3-manylinux2014_aarch64.manylinux_2_17_aarch64.manylinux_2_28_aarch64.whl", hash = "sha256:b0726cecd84f9474419d67252add4ac0cd9811b04d61123054b9fb6f57df6e9e", size = 156997, upload-time = "2026-01-28T18:15:27.794Z" },
    { url = "https://files.pythonhosted.org/packages/8e/13/125093eadae863ce03c6ffdbae9929430d116a246ef69866dad94da3bfbc/psutil-7.2.2-cp36-abi3-musllinux_1_2_aarch64.whl", hash = "sha256:fd04ef36b4a6d599bbdb225dd1d3f51e00105f6d48a28f006da7f9822f2606d8", size = 148972, upload-time = "2026-01-28T18:15:29.342Z" },
    { url = "https://files.pythonhosted.org/packages/04/78/0acd37ca84ce3ddffaa92ef0f571e073faa6d8ff1f0559ab1272188ea2be/psutil-7.2.2-cp36-abi3-musllinux_1_2_x86_64.whl", hash = "sha256:b58fabe35e80b264a4e3bb23e6b96f9e45a3df7fb7eed419ac0e5947c61e47cc", size = 148266, upload-time = "2026-01-28T18:15:31.597Z" },
    { url = "https://files.pythonhosted.org/packages/b4/90/e2159492b5426be0c1fef7acba807a03511f97c5f86b3caeda6ad92351a7/psutil-7.2.2-cp37-abi3-win_amd64.whl", hash = "sha256:eb7e81434c8d223ec4a219b5fc1c47d0417b12be7ea866e24fb5ad6e84b3d988", size = 137737, upload-time = "2026-01-28T18:15:33.849Z" },
    { url = "https://files.pythonhosted.org/packages/8c/c7/7bb2e321574b10df20cbde462a94e2b71d05f9bbda251ef27d104668306a/psutil-7.2.2-cp37-abi3-win_arm64.whl", hash = "sha256:8c233660f575a5a89e6d4cb65d9f938126312bca76d8fe087b947b3a1aaac9ee", size = 134617, upload-time = "2026-01-28T18:15:36.514Z" },
]

[[package]]
name = "pyarrow"
version = "25.0.1"
source = { registry = "https://pypi.org/simple" }
sdist = { url = "https://files.pythonhosted.org/packages/3d/e3/27f57f80141379d60defe6703eb50a707325706f07fedfd1312c7a751995/pyarrow-25.0.1.tar.gz", hash = "sha256:9150a83248bfed9813ea3c3af74c3856c1984d444aa28e58bf7733b9750ddf6a", size = 1201653, upload-time = "2026-08-10T12:40:53.904Z" }
wheels = [
    { url = "https://files.pythonhosted.org/packages/a6/e2/9ab15b88cbfac28e16419ce5439ec29234c5172cb8259301b4ba639bdec0/pyarrow-25.0.1-cp312-cp312-macosx_12_0_arm64.whl", hash = "sha256:df961f2e7ae9cf496459259d798652c70625f6c080650d6952f8c04053c58ee9", size = 35861559, upload-time = "2026-08-10T12:38:02.567Z" },
    { url = "https://files.pythonhosted.org/packages/58/79/a0036dbe1eabe1f73127427342f1d99982584c4a2cde2651d6c93499c6f6/pyarrow-25.0.1-cp312-cp312-macosx_12_0_x86_64.whl", hash = "sha256:cc4aa407fde9fc660be3939e49ea31f50f3e9fec17c0ec63159f7711edd3efc9", size = 37628383, upload-time = "2026-08-10T12:38:09.083Z" },
    { url = "https://files.pythonhosted.org/packages/13/49/d93a57d375f4bf0cf82913dd6bb54acafde83dd993be2282c81ac5616cad/pyarrow-25.0.1-cp312-cp312-manylinux_2_28_aarch64.whl", hash = "sha256:4340f0ba6c1d2e13f21658de1d7c662ca2545018568d0030a1e9afca159d87e3", size = 46820190, upload-time = "2026-08-10T12:38:15.458Z" },
    { url = "https://files.pythonhosted.org/packages/60/c9/711ca85d79f1ec98f29a5eae2b051e25b4ecec5de3e3c0e2d5c5dcb15664/pyarrow-25.0.1-cp312-cp312-manylinux_2_28_x86_64.whl", hash = "sha256:5389cdf79447ed1515c9e31620e6e1e2302249564d603f2ad727d4f6d313e4c3", size = 50102437, upload-time = "2026-08-10T12:38:22.487Z" },
    { url = "https://files.pythonhosted.org/packages/80/53/8fb8359ff17cfb6263a1cf3ebf7caec9fe197de118719e84fcb1d0618026/pyarrow-25.0.1-cp312-cp312-musllinux_1_2_aarch64.whl", hash = "sha256:d51592cb7561e87877c506113e7adbf1342ab579e6c21f0ef44b8ba41cb74c80", size = 49942424, upload-time = "2026-08-10T12:38:28.755Z" },
    { url = "https://files.pythonhosted.org/packages/e8/83/4e5ae02a9341571b18a6fca380ac7a58ce6ddae7ab3c060208c0a1e79f02/pyarrow-25.0.1-cp312-cp312-musllinux_1_2_x86_64.whl", hash = "sha256:6109c94d8b9f3b17a041daca16cacb2f651ad8f1ef70a4232c2c0f37a23da2a8", size = 53144206, upload-time = "2026-08-10T12:38:34.862Z" },
    { url = "https://files.pythonhosted.org/packages/65/ee/197cbf47e49f83e6ebeb946a5259a48a638dea27ac774db42fe78022179d/pyarrow-25.0.1-cp312-cp312-win_amd64.whl", hash = "sha256:8858d7bfc22e3f51529aeaa4077225029724623e4595dc9eff8c793935c34140", size = 27953934, upload-time = "2026-08-10T12:38:39.808Z" },
]

[[package]]
name = "pycparser"
version = "3.0"
source = { registry = "https://pypi.org/simple" }
sdist = { url = "https://files.pythonhosted.org/packages/1b/7d/92392ff7815c21062bea51aa7b87d45576f649f16458d78b7cf94b9ab2e6/pycparser-3.0.tar.gz", hash = "sha256:600f49d217304a5902ac3c37e1281c9fe94e4d0489de643a9504c5cdfdfc6b29", size = 103492, upload-time = "2026-01-21T14:26:51.89Z" }
wheels = [
    { url = "https://files.pythonhosted.org/packages/0c/c3/44f3fbbfa403ea2a7c779186dc20772604442dde72947e7d01069cbe98e3/pycparser-3.0-py3-none-any.whl", hash = "sha256:b727414169a36b7d524c1c3e31839a521725078d7b2ff038656844266160a992", size = 48172, upload-time = "2026-01-21T14:26:50.693Z" },
]

[[package]]
name = "pygments"
version = "2.21.0"
source = { registry = "https://pypi.org/simple" }
sdist = { url = "https://files.pythonhosted.org/packages/49/2e/ced460408999b33da6b31b0021b0f37d329e202d4169aeb164493778f25b/pygments-2.21.0.tar.gz", hash = "sha256:610ca751c9bc2492b38eb9a38a7fbc93edbbb2d7182edaf34e66ae493dee5c8c", size = 5005329, upload-time = "2026-08-17T08:02:48.824Z" }
wheels = [
    { url = "https://files.pythonhosted.org/packages/71/46/17f022dd3e953bf20a04a028a21ec746d942f8d2af30fa0f124fa0e6a684/pygments-2.21.0-py3-none-any.whl", hash = "sha256:2363c69b61c4a97c838da3b130dcd6468f4848992b21a82f2a63ec34377137d9", size = 1250147, upload-time = "2026-08-17T08:02:44.912Z" },
]

[[package]]
name = "pytest"
version = "9.1.1"
source = { registry = "https://pypi.org/simple" }
dependencies = [
    { name = "colorama", marker = "sys_platform == 'win32'" },
    { name = "iniconfig" },
    { name = "packaging" },
    { name = "pluggy" },
    { name = "pygments" },
]
sdist = { url = "https://files.pythonhosted.org/packages/e4/47/b9efed96c114afcfa3c9d3fe98a76a1d14c74a9e266d397cf6eb64be5e01/pytest-9.1.1.tar.gz", hash = "sha256:1088fbde8f2b49d95a549a195707afa7a76a3ce9bcadc26b6d71f0ffda5fe313", size = 1636369, upload-time = "2026-06-19T10:58:32.857Z" }
wheels = [
    { url = "https://files.pythonhosted.org/packages/24/25/1de2678b631f5a49215c6c96fff41ba892b0a34df68d6d80292b1b48aa7f/pytest-9.1.1-py3-none-any.whl", hash = "sha256:37a86b45efb9a47a61a36449063e8e18d0cab3161329fc099eb21783169c4f0c", size = 386536, upload-time = "2026-06-19T10:58:31.347Z" },
]

[[package]]
name = "rapidfuzz"
version = "3.14.6"
source = { registry = "https://pypi.org/simple" }
sdist = { url = "https://files.pythonhosted.org/packages/18/97/226c43b7b5d957bc3840ed52ea99eed261f99834c4619be7a4742cbaeafa/rapidfuzz-3.14.6.tar.gz", hash = "sha256:e13a8160d017b499ec7a2fa9d0ce1ae2e7377080815785819f966fb235d4eb60", size = 57955060, upload-time = "2026-08-30T21:45:51.097Z" }
wheels = [
    { url = "https://files.pythonhosted.org/packages/03/d2/5a7646b185a61400220e4783d23461c1e864a9ee82ba443b18c218e2364b/rapidfuzz-3.14.6-cp312-cp312-macosx_10_13_x86_64.whl", hash = "sha256:b46cecf27025e7a934332ade033e6a394da8a493f19fa1d835e3b2968a4ff7da", size = 1965178, upload-time = "2026-08-30T21:42:24.164Z" },
    { url = "https://files.pythonhosted.org/packages/8b/72/10fc4e414eeed7963e2f1c315c731cb68196f0478cb244c78a21f5ce8662/rapidfuzz-3.14.6-cp312-cp312-macosx_11_0_arm64.whl", hash = "sha256:1901414b135afb1a7f4b1ef940b95523b49cc5642aecf02af740f37567e98137", size = 1248230, upload-time = "2026-08-30T21:42:26.088Z" },
    { url = "https://files.pythonhosted.org/packages/39/e9/0794043c1a0af09cacdbb6a9e8b9b2079cdf73337e7c29b4a9f117415bb9/rapidfuzz-3.14.6-cp312-cp312-manylinux_2_26_aarch64.manylinux_2_28_aarch64.whl", hash = "sha256:96a548979cd939b2c69358a0f5088a408524fbf7454f04bf90939fa971e64310", size = 1380396, upload-time = "2026-08-30T21:42:27.97Z" },
    { url = "https://files.pythonhosted.org/packages/2f/73/9218cf4424ab86260ee88ebdb612c5ed4d9bfd6b6d1e2f3c3bf4599d13bf/rapidfuzz-3.14.6-cp312-cp312-manylinux_2_26_ppc64le.manylinux_2_28_ppc64le.whl", hash = "sha256:b22ef7e5e2341efc6216b666491022027b984e5aef93446064742f43f3c1d926", size = 1674037, upload-time = "2026-08-30T21:42:29.754Z" },
    { url = "https://files.pythonhosted.org/packages/a1/f5/bad528b6dfc608a48838508f270c79332ab05592703c9a46504ba95e9eab/rapidfuzz-3.14.6-cp312-cp312-manylinux_2_26_s390x.manylinux_2_28_s390x.whl", hash = "sha256:f0d2d95c787d812b9106cfbcb94ad37a49f59df9287e00a75eb61afc246e8759", size = 2722897, upload-time = "2026-08-30T21:42:31.737Z" },
    { url = "https://files.pythonhosted.org/packages/13/da/49ab137f788a0e03e872d4c6b3d5c9c6c6bed4e4ccea381f69c4d186341b/rapidfuzz-3.14.6-cp312-cp312-manylinux_2_27_x86_64.manylinux_2_28_x86_64.whl", hash = "sha256:0debb5f43662ea84d2f0228a0c7407ff647f9c3d13f3b692efff0cde46eebce0", size = 3168023, upload-time = "2026-08-30T21:42:33.663Z" },
    { url = "https://files.pythonhosted.org/packages/59/33/81ca664a15194b8b4a7e863b534e36c057724f9709c7781e9400d0edf024/rapidfuzz-3.14.6-cp312-cp312-manylinux_2_39_riscv64.whl", hash = "sha256:1d253e1fe44648242a0029b42ba23adf238ed2a7eb3d8ed0a03731a23f074ae0", size = 1474666, upload-time = "2026-08-30T21:42:35.5Z" },
    { url = "https://files.pythonhosted.org/packages/87/eb/b16f9f8cc255c8dc7c0d7712aa7e7c12a6fd85c8b2b56665f2a24222a941/rapidfuzz-3.14.6-cp312-cp312-musllinux_1_2_aarch64.whl", hash = "sha256:e06c6050c9bf6cd72305e3e6a293918b2b92cf2a067007585a53898624902e3c", size = 2402289, upload-time = "2026-08-30T21:42:37.309Z" },
    { url = "https://files.pythonhosted.org/packages/4a/73/eaa1ca89f6ab12c0fe7f943226ce4ad1d2c67eb281dfd706279771fcff5a/rapidfuzz-3.14.6-cp312-cp312-musllinux_1_2_ppc64le.whl", hash = "sha256:d85a6e9180e53cde95c95dfeb05a2ac94ead4d9d803a8fd186d2719a678b8483", size = 2788332, upload-time = "2026-08-30T21:42:39.412Z" },
    { url = "https://files.pythonhosted.org/packages/5d/ad/db927fbe23f621dd292a6332a19822703084617c0281a88156a8c138d4e0/rapidfuzz-3.14.6-cp312-cp312-musllinux_1_2_riscv64.whl", hash = "sha256:35db2670f69fa3a4eb4741055581477ff92f2cf39e7e06f43ebcb97c2192fe7c", size = 2510540, upload-time = "2026-08-30T21:42:41.629Z" },
    { url = "https://files.pythonhosted.org/packages/2d/b2/8e9012968fab837babe1292edcbe1c972605f5b3af19c7fcac2ded731d39/rapidfuzz-3.14.6-cp312-cp312-musllinux_1_2_s390x.whl", hash = "sha256:f9d93e5424d1e4c103b57906b8beba270e680afda3ffdff7ea3bc6173b37083c", size = 3299876, upload-time = "2026-08-30T21:42:43.803Z" },
    { url = "https://files.pythonhosted.org/packages/19/99/799ce99328ea97fe5d7510048ffea148b8ad4a838366f908691be52342a5/rapidfuzz-3.14.6-cp312-cp312-musllinux_1_2_x86_64.whl", hash = "sha256:f9b0a501f37fb852c54469375baa25874246b3bbc8b6e21fb4cd186a32335868", size = 4277032, upload-time = "2026-08-30T21:42:46.08Z" },
    { url = "https://files.pythonhosted.org/packages/07/8a/995b4746c5bc1f561e64de1fa546927183fec7a369fe988716ef394a6d0a/rapidfuzz-3.14.6-cp312-cp312-win32.whl", hash = "sha256:9e974251a9833791bc557b46f975676a56c2d58946f795cd2964b095496dfdcc", size = 1887051, upload-time = "2026-08-30T21:42:48.265Z" },
    { url = "https://files.pythonhosted.org/packages/84/c4/12f01df5778227c8655fcd9b429fc001d43270f5d8d154edc9066bab1de3/rapidfuzz-3.14.6-cp312-cp312-win_amd64.whl", hash = "sha256:cfca36e4612208875e08611a779164b6cb8900ab8bbd3d82d4cfdfae9efbfac9", size = 1731992, upload-time = "2026-08-30T21:42:50.211Z" },
    { url = "https://files.pythonhosted.org/packages/19/8d/92217f0bc81ec458b4134ad53714b1be0cd3be21494227d73510b06467d6/rapidfuzz-3.14.6-cp312-cp312-win_arm64.whl", hash = "sha256:96bbd5a1c67d135334d02fae74f1d933fdda204ea03d544a59dab6b1cbfbf565", size = 1186693, upload-time = "2026-08-30T21:42:52.63Z" },
]

[[package]]
name = "sherpa-onnx"
version = "1.13.8"
source = { registry = "https://pypi.org/simple" }
sdist = { url = "https://files.pythonhosted.org/packages/f9/5d/9c19acbe7eebd09cee4b69408532f44dc09e71b6025518ed7dd9c0509d6d/sherpa_onnx-1.13.8.tar.gz", hash = "sha256:68e638f745df120a7fae268b7bae0eaab2362b5ad76fe3389bece1d3cd63272c", size = 1057541, upload-time = "2026-09-10T15:05:43.696Z" }
wheels = [
    { url = "https://files.pythonhosted.org/packages/e0/74/f88231aa67e7713b2509da3aa53756b9c85f42fc7a3abe3a4b825e2974bc/sherpa_onnx-1.13.8-cp312-cp312-linux_armv7l.whl", hash = "sha256:6e50efbe69ff07f8b62d2d01f9d7f6e5854033be4b8d940fe9b575e873b22584", size = 12230846, upload-time = "2026-09-10T16:56:15.576Z" },
    { url = "https://files.pythonhosted.org/packages/a0/35/ed6cc5d2e29f29c9778975bec44ac5e8069e1a3528f7ff1306cbdcdab585/sherpa_onnx-1.13.8-cp312-cp312-macosx_10_15_universal2.whl", hash = "sha256:17ff957b1b33849671262ddbac51815a5a82286f963091bddf85540c9e728c12", size = 4457476, upload-time = "2026-09-10T15:45:38.598Z" },
    { url = "https://files.pythonhosted.org/packages/36/e6/a19257d7c60bf04c07f8d0772b943b6596b6b10cfb0694b7794d36630d40/sherpa_onnx-1.13.8-cp312-cp312-macosx_10_15_x86_64.whl", hash = "sha256:ef218d6545a9dcc2aff7043f39026c7d78d6cf46a3876d450d508feebffc00a9", size = 2350796, upload-time = "2026-09-10T14:23:58.591Z" },
    { url = "https://files.pythonhosted.org/packages/78/6e/8d9b92e95896ec500084e706529f5637eff797246e74c498922f6aa13a53/sherpa_onnx-1.13.8-cp312-cp312-macosx_11_0_arm64.whl", hash = "sha256:04b9268c348e9f4bd61315754ad06b02a3c185d3d7770acd8e2dcee9c2e039f9", size = 2146858, upload-time = "2026-09-10T14:49:23.355Z" },
    { url = "https://files.pythonhosted.org/packages/1f/5f/22e1571146b2c0b581657562d5919b69da13ed93dc70049f42d45fe9e84c/sherpa_onnx-1.13.8-cp312-cp312-manylinux2014_aarch64.manylinux_2_17_aarch64.whl", hash = "sha256:2520b1e7b779a29a493a8cec893612218dfad7304786bf3f64df2ff7ac6c3302", size = 4176945, upload-time = "2026-09-10T15:21:43.965Z" },
    { url = "https://files.pythonhosted.org/packages/13/78/2f712b7408ddbb64614c20388912414705b728516224e737b63f2adec94a/sherpa_onnx-1.13.8-cp312-cp312-manylinux2014_x86_64.manylinux_2_17_x86_64.whl", hash = "sha256:6949773017647febc0c3696dffb2c67dd3febd4737b87e3dd135a42773704a06", size = 4400575, upload-time = "2026-09-10T14:49:42.265Z" },
    { url = "https://files.pythonhosted.org/packages/39/62/a6cc995ea40fd88a14b5d312d7b86b49ab65213e501f15fabe00cf79e1e5/sherpa_onnx-1.13.8-cp312-cp312-win32.whl", hash = "sha256:90e0c7b16fe6be32361dc3f6d2a66e8f74e8085079e91da1bee1acea772b769d", size = 1965883, upload-time = "2026-09-10T15:11:47.827Z" },
    { url = "https://files.pythonhosted.org/packages/24/af/33e9dcaa527bbc0c2526959713626607a46da2d7b19871b7773d8607d356/sherpa_onnx-1.13.8-cp312-cp312-win_amd64.whl", hash = "sha256:566e49ad3fb2aa8ceb723a52f9809aa6c2ee0a5eb3b0946c3fd2374af807a5c6", size = 2287856, upload-time = "2026-09-10T15:39:28.995Z" },
    { url = "https://files.pythonhosted.org/packages/ea/0e/237f9baaa3da5c029a06803a7587d4717ec191284d6f3972c679683ad6d8/sherpa_onnx-1.13.8-cp312-cp312-win_arm64.whl", hash = "sha256:1613f14db38b6936098c660f610baee95541378edbdec39a973a591d8df58f5b", size = 2249666, upload-time = "2026-09-10T14:54:55.475Z" },
]

[[package]]
name = "soundfile"
version = "0.14.0"
source = { registry = "https://pypi.org/simple" }
dependencies = [
    { name = "cffi" },
    { name = "numpy" },
    { name = "typing-extensions" },
]
sdist = { url = "https://files.pythonhosted.org/packages/d2/db/949331952a6fb1c5b12e9de80fd08747966c2039d1a61db4764fbd3981c2/soundfile-0.14.0.tar.gz", hash = "sha256:ba1c1a2d618bca5c406647c83b89f07cc8810fa506a50622a6993ba130c1de11", size = 47842, upload-time = "2026-06-06T08:58:47.869Z" }
wheels = [
    { url = "https://files.pythonhosted.org/packages/b1/d1/5e338af9ca6ed0786cd5bb03f6d60de1c325728c1189014f3b59aae7403c/soundfile-0.14.0-py2.py3-none-any.whl", hash = "sha256:8ba81ae3a89fd5ab3bef8a8eb481fbbe794e806309675a89b4df48b8d31908a8", size = 26799, upload-time = "2026-06-06T08:58:33.269Z" },
    { url = "https://files.pythonhosted.org/packages/7e/72/c6b21e58d3113596e7e8de0a08d6f1d95173492cfbca0a4db14148cbba2a/soundfile-0.14.0-py2.py3-none-macosx_10_9_x86_64.whl", hash = "sha256:19be05428da76ed61a4cad29b8e4bcf43a3e5c100089d2ec81dc961eed1b0dd4", size = 1144568, upload-time = "2026-06-06T08:58:35.231Z" },
    { url = "https://files.pythonhosted.org/packages/63/7a/dfdd6f8c748988427119f75eb860a3cedd858d1aea1fe28f39ad8559ef22/soundfile-0.14.0-py2.py3-none-macosx_11_0_arm64.whl", hash = "sha256:d828d35a059626da52f1415b5faee610aeab393319cb3fc4a9aef47b619fc14c", size = 1103726, upload-time = "2026-06-06T08:58:37.948Z" },
    { url = "https://files.pythonhosted.org/packages/4a/f8/fc39fad6f879633461d27394cd1ddaf1f769ffa0597dca35872f51b16461/soundfile-0.14.0-py2.py3-none-manylinux_2_28_aarch64.whl", hash = "sha256:e85724a90bc99a6e8062c0b4ddf725f53b2a3b70afd4da875e9d2cfc4e92f377", size = 1238050, upload-time = "2026-06-06T08:58:39.932Z" },
    { url = "https://files.pythonhosted.org/packages/7b/a2/70fd4432b924684c372df8b0a45708c36c057ef3596c9eb53e0a806b980b/soundfile-0.14.0-py2.py3-none-manylinux_2_28_x86_64.whl", hash = "sha256:1e38bac1853412871318e82a1ba69a8be677619b56025bbfcccdb41b6cafe82d", size = 1315963, upload-time = "2026-06-06T08:58:41.716Z" },
    { url = "https://files.pythonhosted.org/packages/d9/34/c9e80783d83eab739a9531fdee03675d53e0bf1b2ccb4bb3af5844675046/soundfile-0.14.0-py2.py3-none-win32.whl", hash = "sha256:0a6ae43c50c71b4e020cc55382925cb89451c1ed1a0c3d0f5d802da269226849", size = 902199, upload-time = "2026-06-06T08:58:43.289Z" },
    { url = "https://files.pythonhosted.org/packages/ed/97/b39c18ac1df45e755ca22b8b00e872929da5d107998a207a5e4ac831bfda/soundfile-0.14.0-py2.py3-none-win_amd64.whl", hash = "sha256:299491d3499460fb1b74bb4bd78b57ffc2d243a5fafa7b6ec1b264875c78453e", size = 1021480, upload-time = "2026-06-06T08:58:45.016Z" },
    { url = "https://files.pythonhosted.org/packages/f4/83/55c65e61cf457805ce2ec157c1c6ae17715d0851aa2374422de0538838ca/soundfile-0.14.0-py2.py3-none-win_arm64.whl", hash = "sha256:e090704718e124e7c844695236f1fce8d18a5e761eaf7c82dfcd124620805f98", size = 888858, upload-time = "2026-06-06T08:58:46.593Z" },
]

[[package]]
name = "typing-extensions"
version = "4.16.0"
source = { registry = "https://pypi.org/simple" }
sdist = { url = "https://files.pythonhosted.org/packages/f6/cc/6253133b5bb138fc3306cebfbda2c520f545d36b5be2c7255cc528bb45d6/typing_extensions-4.16.0.tar.gz", hash = "sha256:dc983d19a509c94dba722ee6abd33940f7c05a89e243c47e907eb4db6f1a43e5", size = 113555, upload-time = "2026-07-02T08:40:05.92Z" }
wheels = [
    { url = "https://files.pythonhosted.org/packages/49/d3/b8441a820a491ddfc024b0b0cf0393375b75ea13866d9c66727e54c2fc80/typing_extensions-4.16.0-py3-none-any.whl", hash = "sha256:481caa481374e813c1b176ada14e97f1f67a4539ce9cfeb3f350d78d6370c2e8", size = 45571, upload-time = "2026-07-02T08:40:04.659Z" },
]
